
Microsoft Visual Studio Solution File, Format Version 12.00
# Visual Studio 2013
VisualStudioVersion = 12.0.30723.0
MinimumVisualStudioVersion = 10.0.40219.1
Project("{FAE04EC0-301F-11D3-BF4B-00C04F79EFBC}") = "Vaultlife", "Vaultlife\Vaultlife.csproj", "{90116050-63F2-4FC2-B0B2-1584CE4AD2A7}"
EndProject
Project("{FAE04EC0-301F-11D3-BF4B-00C04F79EFBC}") = "PaymentService", "PaymentService\PaymentService.csproj", "{68F26EBB-8D2C-4F0E-B50E-FD5F3C716374}"
EndProject
Project("{FAE04EC0-301F-11D3-BF4B-00C04F79EFBC}") = "Languaging", "Languaging\Languaging.csproj", "{FEC9029C-EF7B-437F-9FAA-E157A94126E6}"
EndProject
Project("{FAE04EC0-301F-11D3-BF4B-00C04F79EFBC}") = "VaultLifeAdmin", "VaultLifeAdmin\VaultLifeAdmin.csproj", "{8B50F098-82BB-4C7E-8FA9-1E45FDF4E94C}"
EndProject
Project("{2150E333-8FDC-42A3-9474-1A3956D46DE8}") = ".nuget", ".nuget", "{B5A63A6A-DC6C-4E31-8635-57BF5F9E2F3D}"
	ProjectSection(SolutionItems) = preProject
		.nuget\packages.config = .nuget\packages.config
	EndProjectSection
EndProject
Global
	GlobalSection(TeamFoundationVersionControl) = preSolution
		SccNumberOfProjects = 5
		SccEnterpriseProvider = {4CA58AB2-18FA-4F8D-95D4-32DDF27D184C}
		SccTeamFoundationServer = https://vaultlife.visualstudio.com/defaultcollection
		SccLocalPath0 = .
		SccProjectUniqueName1 = Languaging\\Languaging.csproj
		SccProjectName1 = Languaging
		SccLocalPath1 = Languaging
		SccProjectUniqueName2 = PaymentService\\PaymentService.csproj
		SccProjectName2 = PaymentService
		SccLocalPath2 = PaymentService
		SccProjectUniqueName3 = Vaultlife\\Vaultlife.csproj
		SccProjectName3 = Vaultlife
		SccLocalPath3 = Vaultlife
		SccProjectUniqueName4 = VaultLifeAdmin\\VaultLifeAdmin.csproj
		SccProjectName4 = VaultLifeAdmin
		SccLocalPath4 = VaultLifeAdmin
	EndGlobalSection
	GlobalSection(SolutionConfigurationPlatforms) = preSolution
		Debug|Any CPU = Debug|Any CPU
		Release|Any CPU = Release|Any CPU
	EndGlobalSection
	GlobalSection(ProjectConfigurationPlatforms) = postSolution
		{90116050-63F2-4FC2-B0B2-1584CE4AD2A7}.Debug|Any CPU.ActiveCfg = Debug|Any CPU
		{90116050-63F2-4FC2-B0B2-1584CE4AD2A7}.Debug|Any CPU.Build.0 = Debug|Any CPU
		{90116050-63F2-4FC2-B0B2-1584CE4AD2A7}.Release|Any CPU.ActiveCfg = Release|Any CPU
		{90116050-63F2-4FC2-B0B2-1584CE4AD2A7}.Release|Any CPU.Build.0 = Release|Any CPU
		{68F26EBB-8D2C-4F0E-B50E-FD5F3C716374}.Debug|Any CPU.ActiveCfg = Debug|Any CPU
		{68F26EBB-8D2C-4F0E-B50E-FD5F3C716374}.Debug|Any CPU.Build.0 = Debug|Any CPU
		{68F26EBB-8D2C-4F0E-B50E-FD5F3C716374}.Release|Any CPU.ActiveCfg = Release|Any CPU
		{68F26EBB-8D2C-4F0E-B50E-FD5F3C716374}.Release|Any CPU.Build.0 = Release|Any CPU
		{FEC9029C-EF7B-437F-9FAA-E157A94126E6}.Debug|Any CPU.ActiveCfg = Debug|Any CPU
		{FEC9029C-EF7B-437F-9FAA-E157A94126E6}.Debug|Any CPU.Build.0 = Debug|Any CPU
		{FEC9029C-EF7B-437F-9FAA-E157A94126E6}.Release|Any CPU.ActiveCfg = Release|Any CPU
		{FEC9029C-EF7B-437F-9FAA-E157A94126E6}.Release|Any CPU.Build.0 = Release|Any CPU
		{8B50F098-82BB-4C7E-8FA9-1E45FDF4E94C}.Debug|Any CPU.ActiveCfg = Debug|Any CPU
		{8B50F098-82BB-4C7E-8FA9-1E45FDF4E94C}.Debug|Any CPU.Build.0 = Debug|Any CPU
		{8B50F098-82BB-4C7E-8FA9-1E45FDF4E94C}.Release|Any CPU.ActiveCfg = Release|Any CPU
		{8B50F098-82BB-4C7E-8FA9-1E45FDF4E94C}.Release|Any CPU.Build.0 = Release|Any CPU
	EndGlobalSection
	GlobalSection(SolutionProperties) = preSolution
		HideSolutionNode = FALSE
	EndGlobalSection
EndGlobal
